
Microsoft Visual Studio Solution File, Format Version 12.00
# Visual Studio Version 16
VisualStudioVersion = 16.0.29025.244
MinimumVisualStudioVersion = 10.0.40219.1
Project("{FAE04EC0-301F-11D3-BF4B-00C04F79EFBC}") = "CollegeManagementSystem", "college-management-system\CollegeManagementSystem.csproj", "{155C8FE7-8A44-4AC4-AB46-AB4EDFB3BC7B}"
EndProject
Global
	GlobalSection(SolutionConfigurationPlatforms) = preSolution
		Debug|Any CPU = Debug|Any CPU
		Release|Any CPU = Release|Any CPU
	EndGlobalSection
	GlobalSection(ProjectConfigurationPlatforms) = postSolution
		{155C8FE7-8A44-4AC4-AB46-AB4EDFB3BC7B}.Debug|Any CPU.ActiveCfg = Debug|Any CPU
		{155C8FE7-8A44-4AC4-AB46-AB4EDFB3BC7B}.Debug|Any CPU.Build.0 = Debug|Any CPU
		{155C8FE7-8A44-4AC4-AB46-AB4EDFB3BC7B}.Release|Any CPU.ActiveCfg = Release|Any CPU
		{155C8FE7-8A44-4AC4-AB46-AB4EDFB3BC7B}.Release|Any CPU.Build.0 = Release|Any CPU
	EndGlobalSection
	GlobalSection(SolutionProperties) = preSolution
		HideSolutionNode = FALSE
	EndGlobalSection
	GlobalSection(ExtensibilityGlobals) = postSolution
		SolutionGuid = {31E20170-A8A1-45F6-8641-242630E97EB4}
	EndGlobalSection
EndGlobal
